
Microsoft Visual Studio Solution File, Format Version 12.00
# Visual Studio Version 17
VisualStudioVersion = 17.2.32519.379
MinimumVisualStudioVersion = 10.0.40219.1
Project("{FAE04EC0-301F-11D3-BF4B-00C04F79EFBC}") = "Excercise2", "PracticeCsharp\Excercise2.csproj", "{43F672FC-A42F-458A-B668-4F562479D5A9}"
EndProject
Project("{FAE04EC0-301F-11D3-BF4B-00C04F79EFBC}") = "Exercise1", "Exercise1\Exercise1.csproj", "{BF1A2103-529E-41D8-82B9-CC5A108802BC}"
EndProject
Global
	GlobalSection(SolutionConfigurationPlatforms) = preSolution
		Debug|Any CPU = Debug|Any CPU
		Release|Any CPU = Release|Any CPU
	EndGlobalSection
	GlobalSection(ProjectConfigurationPlatforms) = postSolution
		{43F672FC-A42F-458A-B668-4F562479D5A9}.Debug|Any CPU.ActiveCfg = Debug|Any CPU
		{43F672FC-A42F-458A-B668-4F562479D5A9}.Debug|Any CPU.Build.0 = Debug|Any CPU
		{43F672FC-A42F-458A-B668-4F562479D5A9}.Release|Any CPU.ActiveCfg = Release|Any CPU
		{43F672FC-A42F-458A-B668-4F562479D5A9}.Release|Any CPU.Build.0 = Release|Any CPU
		{BF1A2103-529E-41D8-82B9-CC5A108802BC}.Debug|Any CPU.ActiveCfg = Debug|Any CPU
		{BF1A2103-529E-41D8-82B9-CC5A108802BC}.Debug|Any CPU.Build.0 = Debug|Any CPU
		{BF1A2103-529E-41D8-82B9-CC5A108802BC}.Release|Any CPU.ActiveCfg = Release|Any CPU
		{BF1A2103-529E-41D8-82B9-CC5A108802BC}.Release|Any CPU.Build.0 = Release|Any CPU
	EndGlobalSection
	GlobalSection(SolutionProperties) = preSolution
		HideSolutionNode = FALSE
	EndGlobalSection
	GlobalSection(ExtensibilityGlobals) = postSolution
		SolutionGuid = {B25DE315-4E12-4FD4-B7D1-9A85E6371E44}
	EndGlobalSection
EndGlobal
